
Microsoft Visual Studio Solution File, Format Version 12.00
# Visual Studio 15
VisualStudioVersion = 15.0.28307.1800
MinimumVisualStudioVersion = 10.0.40219.1
Project("{FAE04EC0-301F-11D3-BF4B-00C04F79EFBC}") = "Compilador", "Compilador2\Compilador.csproj", "{1FC00D57-72B2-4A3E-B1BE-852AF066CD21}"
EndProject
Global
	GlobalSection(SolutionConfigurationPlatforms) = preSolution
		Debug|Any CPU = Debug|Any CPU
		Release|Any CPU = Release|Any CPU
	EndGlobalSection
	GlobalSection(ProjectConfigurationPlatforms) = postSolution
		{1FC00D57-72B2-4A3E-B1BE-852AF066CD21}.Debug|Any CPU.ActiveCfg = Debug|Any CPU
		{1FC00D57-72B2-4A3E-B1BE-852AF066CD21}.Debug|Any CPU.Build.0 = Debug|Any CPU
		{1FC00D57-72B2-4A3E-B1BE-852AF066CD21}.Release|Any CPU.ActiveCfg = Release|Any CPU
		{1FC00D57-72B2-4A3E-B1BE-852AF066CD21}.Release|Any CPU.Build.0 = Release|Any CPU
	EndGlobalSection
	GlobalSection(SolutionProperties) = preSolution
		HideSolutionNode = FALSE
	EndGlobalSection
	GlobalSection(ExtensibilityGlobals) = postSolution
		SolutionGuid = {87FC3833-2592-4F0C-A51A-3EAD7D325FDA}
	EndGlobalSection
EndGlobal
